
Microsoft Visual Studio Solution File, Format Version 12.00
# Visual Studio Version 16
VisualStudioVersion = 16.0.29025.244
MinimumVisualStudioVersion = 10.0.40219.1
Project("{FAE04EC0-301F-11D3-BF4B-00C04F79EFBC}") = "StrongMotionDataV2", "StrongMotionDataV2.csproj", "{FC2182B7-0CF6-4249-854E-290AC77228CA}"
EndProject
Global
	GlobalSection(SolutionConfigurationPlatforms) = preSolution
		Debug|Any CPU = Debug|Any CPU
		Release|Any CPU = Release|Any CPU
	EndGlobalSection
	GlobalSection(ProjectConfigurationPlatforms) = postSolution
		{FC2182B7-0CF6-4249-854E-290AC77228CA}.Debug|Any CPU.ActiveCfg = Debug|Any CPU
		{FC2182B7-0CF6-4249-854E-290AC77228CA}.Debug|Any CPU.Build.0 = Debug|Any CPU
		{FC2182B7-0CF6-4249-854E-290AC77228CA}.Release|Any CPU.ActiveCfg = Release|Any CPU
		{FC2182B7-0CF6-4249-854E-290AC77228CA}.Release|Any CPU.Build.0 = Release|Any CPU
	EndGlobalSection
	GlobalSection(SolutionProperties) = preSolution
		HideSolutionNode = FALSE
	EndGlobalSection
	GlobalSection(ExtensibilityGlobals) = postSolution
		SolutionGuid = {C155B6E4-E6D7-4B8E-B54D-0A13FFB4E21B}
	EndGlobalSection
EndGlobal
